
Microsoft Visual Studio Solution File, Format Version 12.00
# Visual Studio Version 16
VisualStudioVersion = 16.0.31205.134
MinimumVisualStudioVersion = 10.0.40219.1
Project("{FAE04EC0-301F-11D3-BF4B-00C04F79EFBC}") = "Problema_Retangulo", "Problema_Retangulo\Problema_Retangulo.csproj", "{C95CD655-5139-4C53-8AC0-283461A8C86A}"
EndProject
Global
	GlobalSection(SolutionConfigurationPlatforms) = preSolution
		Debug|Any CPU = Debug|Any CPU
		Release|Any CPU = Release|Any CPU
	EndGlobalSection
	GlobalSection(ProjectConfigurationPlatforms) = postSolution
		{C95CD655-5139-4C53-8AC0-283461A8C86A}.Debug|Any CPU.ActiveCfg = Debug|Any CPU
		{C95CD655-5139-4C53-8AC0-283461A8C86A}.Debug|Any CPU.Build.0 = Debug|Any CPU
		{C95CD655-5139-4C53-8AC0-283461A8C86A}.Release|Any CPU.ActiveCfg = Release|Any CPU
		{C95CD655-5139-4C53-8AC0-283461A8C86A}.Release|Any CPU.Build.0 = Release|Any CPU
	EndGlobalSection
	GlobalSection(SolutionProperties) = preSolution
		HideSolutionNode = FALSE
	EndGlobalSection
	GlobalSection(ExtensibilityGlobals) = postSolution
		SolutionGuid = {B3DE61E9-0B11-46C1-9FBE-A1442494D0AD}
	EndGlobalSection
EndGlobal
