
Microsoft Visual Studio Solution File, Format Version 12.00
# Visual Studio Version 16
VisualStudioVersion = 16.0.31205.134
MinimumVisualStudioVersion = 10.0.40219.1
Project("{FAE04EC0-301F-11D3-BF4B-00C04F79EFBC}") = "Problema_Idades", "Problema_Idades\Problema_Idades.csproj", "{C5CBED54-48DF-4BAC-8974-6CC6FC6C281F}"
EndProject
Global
	GlobalSection(SolutionConfigurationPlatforms) = preSolution
		Debug|Any CPU = Debug|Any CPU
		Release|Any CPU = Release|Any CPU
	EndGlobalSection
	GlobalSection(ProjectConfigurationPlatforms) = postSolution
		{C5CBED54-48DF-4BAC-8974-6CC6FC6C281F}.Debug|Any CPU.ActiveCfg = Debug|Any CPU
		{C5CBED54-48DF-4BAC-8974-6CC6FC6C281F}.Debug|Any CPU.Build.0 = Debug|Any CPU
		{C5CBED54-48DF-4BAC-8974-6CC6FC6C281F}.Release|Any CPU.ActiveCfg = Release|Any CPU
		{C5CBED54-48DF-4BAC-8974-6CC6FC6C281F}.Release|Any CPU.Build.0 = Release|Any CPU
	EndGlobalSection
	GlobalSection(SolutionProperties) = preSolution
		HideSolutionNode = FALSE
	EndGlobalSection
	GlobalSection(ExtensibilityGlobals) = postSolution
		SolutionGuid = {A63FB7AC-4260-49DA-8639-5F2F7649CEEE}
	EndGlobalSection
EndGlobal
